
Microsoft Visual Studio Solution File, Format Version 12.00
# Visual Studio Version 17
VisualStudioVersion = 17.13.35931.197 d17.13
MinimumVisualStudioVersion = 10.0.40219.1
Project("{FAE04EC0-301F-11D3-BF4B-00C04F79EFBC}") = "PasswordChecker", "PasswordChecker\PasswordChecker.csproj", "{65593A3D-C612-427A-A4AD-FBCD3748866B}"
EndProject
Global
	GlobalSection(SolutionConfigurationPlatforms) = preSolution
		Debug|Any CPU = Debug|Any CPU
		Release|Any CPU = Release|Any CPU
	EndGlobalSection
	GlobalSection(ProjectConfigurationPlatforms) = postSolution
		{65593A3D-C612-427A-A4AD-FBCD3748866B}.Debug|Any CPU.ActiveCfg = Debug|Any CPU
		{65593A3D-C612-427A-A4AD-FBCD3748866B}.Debug|Any CPU.Build.0 = Debug|Any CPU
		{65593A3D-C612-427A-A4AD-FBCD3748866B}.Release|Any CPU.ActiveCfg = Release|Any CPU
		{65593A3D-C612-427A-A4AD-FBCD3748866B}.Release|Any CPU.Build.0 = Release|Any CPU
	EndGlobalSection
	GlobalSection(SolutionProperties) = preSolution
		HideSolutionNode = FALSE
	EndGlobalSection
	GlobalSection(ExtensibilityGlobals) = postSolution
		SolutionGuid = {6BE5E625-A36D-4CF7-803E-AAF7793C3D3E}
	EndGlobalSection
EndGlobal
